
Microsoft Visual Studio Solution File, Format Version 12.00
# Visual Studio Version 16
VisualStudioVersion = 16.0.31911.196
MinimumVisualStudioVersion = 10.0.40219.1
Project("{FAE04EC0-301F-11D3-BF4B-00C04F79EFBC}") = "DGrid", "DGrid\DGrid.csproj", "{D78E0A46-3B6F-49B8-98AA-805F64E8823B}"
EndProject
Project("{FAE04EC0-301F-11D3-BF4B-00C04F79EFBC}") = "DGridLib", "DGridLib\DGridLib.csproj", "{C93A720B-C0FC-476B-BF45-C92B83D137D0}"
EndProject
Project("{2150E333-8FDC-42A3-9474-1A3956D46DE8}") = "Solution Items", "Solution Items", "{0437C0A9-A6E0-4EED-BED8-D1365F797467}"
	ProjectSection(SolutionItems) = preProject
		.editorconfig = .editorconfig
	EndProjectSection
EndProject
Global
	GlobalSection(SolutionConfigurationPlatforms) = preSolution
		Debug|Any CPU = Debug|Any CPU
		Release|Any CPU = Release|Any CPU
	EndGlobalSection
	GlobalSection(ProjectConfigurationPlatforms) = postSolution
		{D78E0A46-3B6F-49B8-98AA-805F64E8823B}.Debug|Any CPU.ActiveCfg = Debug|Any CPU
		{D78E0A46-3B6F-49B8-98AA-805F64E8823B}.Debug|Any CPU.Build.0 = Debug|Any CPU
		{D78E0A46-3B6F-49B8-98AA-805F64E8823B}.Release|Any CPU.ActiveCfg = Release|Any CPU
		{D78E0A46-3B6F-49B8-98AA-805F64E8823B}.Release|Any CPU.Build.0 = Release|Any CPU
		{C93A720B-C0FC-476B-BF45-C92B83D137D0}.Debug|Any CPU.ActiveCfg = Debug|Any CPU
		{C93A720B-C0FC-476B-BF45-C92B83D137D0}.Debug|Any CPU.Build.0 = Debug|Any CPU
		{C93A720B-C0FC-476B-BF45-C92B83D137D0}.Release|Any CPU.ActiveCfg = Release|Any CPU
		{C93A720B-C0FC-476B-BF45-C92B83D137D0}.Release|Any CPU.Build.0 = Release|Any CPU
	EndGlobalSection
	GlobalSection(SolutionProperties) = preSolution
		HideSolutionNode = FALSE
	EndGlobalSection
	GlobalSection(ExtensibilityGlobals) = postSolution
		SolutionGuid = {5EF17F94-2B88-4929-8B46-81BCC2D64721}
	EndGlobalSection
EndGlobal
